// !$*UTF8*$!
{
	archiveVersion = 1;
	classes = {
	};
	objectVersion = 55;
	objects = {

/* Begin PBXBuildFile section */
		213EAC8C281327EE006113C7 /* SwiftUIContextMenuApp.swift in Sources */ = {isa = PBXBuildFile; fileRef = 213EAC8B281327EE006113C7 /* SwiftUIContextMenuApp.swift */; };
		213EAC8E281327EE006113C7 /* ContentView.swift in Sources */ = {isa = PBXBuildFile; fileRef = 213EAC8D281327EE006113C7 /* ContentView.swift */; };
		213EAC90281327EF006113C7 /* Assets.xcassets in Resources */ = {isa = PBXBuildFile; fileRef = 213EAC8F281327EF006113C7 /* Assets.xcassets */; };
		213EAC93281327EF006113C7 /* Preview Assets.xcassets in Resources */ = {isa = PBXBuildFile; fileRef = 213EAC92281327EF006113C7 /* Preview Assets.xcassets */; };
		213EAC9D281327EF006113C7 /* SwiftUIContextMenuTests.swift in Sources */ = {isa = PBXBuildFile; fileRef = 213EAC9C281327EF006113C7 /* SwiftUIContextMenuTests.swift */; };
		213EACA7281327EF006113C7 /* SwiftUIContextMenuUITests.swift in Sources */ = {isa = PBXBuildFile; fileRef = 213EACA6281327EF006113C7 /* SwiftUIContextMenuUITests.swift */; };
		213EACA9281327EF006113C7 /* SwiftUIContextMenuUITestsLaunchTests.swift in Sources */ = {isa = PBXBuildFile; fileRef = 213EACA8281327EF006113C7 /* SwiftUIContextMenuUITestsLaunchTests.swift */; };
/* End PBXBuildFile section */

/* Begin PBXContainerItemProxy section */
		213EAC99281327EF006113C7 /* PBXContainerItemProxy */ = {
			isa = PBXContainerItemProxy;
			containerPortal = 213EAC80281327EE006113C7 /* Project object */;
			proxyType = 1;
			remoteGlobalIDString = 213EAC87281327EE006113C7;
			remoteInfo = SwiftUIContextMenu;
		};
		213EACA3281327EF006113C7 /* PBXContainerItemProxy */ = {
			isa = PBXContainerItemProxy;
			containerPortal = 213EAC80281327EE006113C7 /* Project object */;
			proxyType = 1;
			remoteGlobalIDString = 213EAC87281327EE006113C7;
			remoteInfo = SwiftUIContextMenu;
		};
/* End PBXContainerItemProxy section */

/* Begin PBXFileReference section */
		213EAC88281327EE006113C7 /* SwiftUIContextMenu.app */ = {isa = PBXFileReference; explicitFileType = wrapper.application; includeInIndex = 0; path = SwiftUIContextMenu.app; sourceTree = BUILT_PRODUCTS_DIR; };
		213EAC8B281327EE006113C7 /* SwiftUIContextMenuApp.swift */ = {isa = PBXFileReference; lastKnownFileType = sourcecode.swift; path = SwiftUIContextMenuApp.swift; sourceTree = "<group>"; };
		213EAC8D281327EE006113C7 /* ContentView.swift */ = {isa = PBXFileReference; lastKnownFileType = sourcecode.swift; path = ContentView.swift; sourceTree = "<group>"; };
		213EAC8F281327EF006113C7 /* Assets.xcassets */ = {isa = PBXFileReference; lastKnownFileType = folder.assetcatalog; path = Assets.xcassets; sourceTree = "<group>"; };
		213EAC92281327EF006113C7 /* Preview Assets.xcassets */ = {isa = PBXFileReference; lastKnownFileType = folder.assetcatalog; path = "Preview Assets.xcassets"; sourceTree = "<group>"; };
		213EAC98281327EF006113C7 /* SwiftUIContextMenuTests.xctest */ = {isa = PBXFileReference; explicitFileType = wrapper.cfbundle; includeInIndex = 0; path = SwiftUIContextMenuTests.xctest; sourceTree = BUILT_PRODUCTS_DIR; };
		213EAC9C281327EF006113C7 /* SwiftUIContextMenuTests.swift */ = {isa = PBXFileReference; lastKnownFileType = sourcecode.swift; path = SwiftUIContextMenuTests.swift; sourceTree = "<group>"; };
		213EACA2281327EF006113C7 /* SwiftUIContextMenuUITests.xctest */ = {isa = PBXFileReference; explicitFileType = wrapper.cfbundle; includeInIndex = 0; path = SwiftUIContextMenuUITests.xctest; sourceTree = BUILT_PRODUCTS_DIR; };
		213EACA6281327EF006113C7 /* SwiftUIContextMenuUITests.swift */ = {isa = PBXFileReference; lastKnownFileType = sourcecode.swift; path = SwiftUIContextMenuUITests.swift; sourceTree = "<group>"; };
		213EACA8281327EF006113C7 /* SwiftUIContextMenuUITestsLaunchTests.swift */ = {isa = PBXFileReference; lastKnownFileType = sourcecode.swift; path = SwiftUIContextMenuUITestsLaunchTests.swift; sourceTree = "<group>"; };
/* End PBXFileReference section */

/* Begin PBXFrameworksBuildPhase section */
		213EAC85281327EE006113C7 /* Frameworks */ = {
			isa = PBXFrameworksBuildPhase;
			buildActionMask = 2147483647;
			files = (
			);
			runOnlyForDeploymentPostprocessing = 0;
		};
		213EAC95281327EF006113C7 /* Frameworks */ = {
			isa = PBXFrameworksBuildPhase;
			buildActionMask = 2147483647;
			files = (
			);
			runOnlyForDeploymentPostprocessing = 0;
		};
		213EAC9F281327EF006113C7 /* Frameworks */ = {
			isa = PBXFrameworksBuildPhase;
			buildActionMask = 2147483647;
			files = (
			);
			runOnlyForDeploymentPostprocessing = 0;
		};
/* End PBXFrameworksBuildPhase section */

/* Begin PBXGroup section */
		213EAC7F281327EE006113C7 = {
			isa = PBXGroup;
			children = (
				213EAC8A281327EE006113C7 /* SwiftUIContextMenu */,
				213EAC9B281327EF006113C7 /* SwiftUIContextMenuTests */,
				213EACA5281327EF006113C7 /* SwiftUIContextMenuUITests */,
				213EAC89281327EE006113C7 /* Products */,
			);
			sourceTree = "<group>";
		};
		213EAC89281327EE006113C7 /* Products */ = {
			isa = PBXGroup;
			children = (
				213EAC88281327EE006113C7 /* SwiftUIContextMenu.app */,
				213EAC98281327EF006113C7 /* SwiftUIContextMenuTests.xctest */,
				213EACA2281327EF006113C7 /* SwiftUIContextMenuUITests.xctest */,
			);
			name = Products;
			sourceTree = "<group>";
		};
		213EAC8A281327EE006113C7 /* SwiftUIContextMenu */ = {
			isa = PBXGroup;
			children = (
				213EAC8B281327EE006113C7 /* SwiftUIContextMenuApp.swift */,
				213EAC8D281327EE006113C7 /* ContentView.swift */,
				213EAC8F281327EF006113C7 /* Assets.xcassets */,
				213EAC91281327EF006113C7 /* Preview Content */,
			);
			path = SwiftUIContextMenu;
			sourceTree = "<group>";
		};
		213EAC91281327EF006113C7 /* Preview Content */ = {
			isa = PBXGroup;
			children = (
				213EAC92281327EF006113C7 /* Preview Assets.xcassets */,
			);
			path = "Preview Content";
			sourceTree = "<group>";
		};
		213EAC9B281327EF006113C7 /* SwiftUIContextMenuTests */ = {
			isa = PBXGroup;
			children = (
				213EAC9C281327EF006113C7 /* SwiftUIContextMenuTests.swift */,
			);
			path = SwiftUIContextMenuTests;
			sourceTree = "<group>";
		};
		213EACA5281327EF006113C7 /* SwiftUIContextMenuUITests */ = {
			isa = PBXGroup;
			children = (
				213EACA6281327EF006113C7 /* SwiftUIContextMenuUITests.swift */,
				213EACA8281327EF006113C7 /* SwiftUIContextMenuUITestsLaunchTests.swift */,
			);
			path = SwiftUIContextMenuUITests;
			sourceTree = "<group>";
		};
/* End PBXGroup section */

/* Begin PBXNativeTarget section */
		213EAC87281327EE006113C7 /* SwiftUIContextMenu */ = {
			isa = PBXNativeTarget;
			buildConfigurationList = 213EACAC281327EF006113C7 /* Build configuration list for PBXNativeTarget "SwiftUIContextMenu" */;
			buildPhases = (
				213EAC84281327EE006113C7 /* Sources */,
				213EAC85281327EE006113C7 /* Frameworks */,
				213EAC86281327EE006113C7 /* Resources */,
			);
			buildRules = (
			);
			dependencies = (
			);
			name = SwiftUIContextMenu;
			productName = SwiftUIContextMenu;
			productReference = 213EAC88281327EE006113C7 /* SwiftUIContextMenu.app */;
			productType = "com.apple.product-type.application";
		};
		213EAC97281327EF006113C7 /* SwiftUIContextMenuTests */ = {
			isa = PBXNativeTarget;
			buildConfigurationList = 213EACAF281327EF006113C7 /* Build configuration list for PBXNativeTarget "SwiftUIContextMenuTests" */;
			buildPhases = (
				213EAC94281327EF006113C7 /* Sources */,
				213EAC95281327EF006113C7 /* Frameworks */,
				213EAC96281327EF006113C7 /* Resources */,
			);
			buildRules = (
			);
			dependencies = (
				213EAC9A281327EF006113C7 /* PBXTargetDependency */,
			);
			name = SwiftUIContextMenuTests;
			productName = SwiftUIContextMenuTests;
			productReference = 213EAC98281327EF006113C7 /* SwiftUIContextMenuTests.xctest */;
			productType = "com.apple.product-type.bundle.unit-test";
		};
		213EACA1281327EF006113C7 /* SwiftUIContextMenuUITests */ = {
			isa = PBXNativeTarget;
			buildConfigurationList = 213EACB2281327EF006113C7 /* Build configuration list for PBXNativeTarget "SwiftUIContextMenuUITests" */;
			buildPhases = (
				213EAC9E281327EF006113C7 /* Sources */,
				213EAC9F281327EF006113C7 /* Frameworks */,
				213EACA0281327EF006113C7 /* Resources */,
			);
			buildRules = (
			);
			dependencies = (
				213EACA4281327EF006113C7 /* PBXTargetDependency */,
			);
			name = SwiftUIContextMenuUITests;
			productName = SwiftUIContextMenuUITests;
			productReference = 213EACA2281327EF006113C7 /* SwiftUIContextMenuUITests.xctest */;
			productType = "com.apple.product-type.bundle.ui-testing";
		};
/* End PBXNativeTarget section */

/* Begin PBXProject section */
		213EAC80281327EE006113C7 /* Project object */ = {
			isa = PBXProject;
			attributes = {
				BuildIndependentTargetsInParallel = 1;
				LastSwiftUpdateCheck = 1330;
				LastUpgradeCheck = 1330;
				TargetAttributes = {
					213EAC87281327EE006113C7 = {
						CreatedOnToolsVersion = 13.3;
					};
					213EAC97281327EF006113C7 = {
						CreatedOnToolsVersion = 13.3;
						TestTargetID = 213EAC87281327EE006113C7;
					};
					213EACA1281327EF006113C7 = {
						CreatedOnToolsVersion = 13.3;
						TestTargetID = 213EAC87281327EE006113C7;
					};
				};
			};
			buildConfigurationList = 213EAC83281327EE006113C7 /* Build configuration list for PBXProject "SwiftUIContextMenu" */;
			compatibilityVersion = "Xcode 13.0";
			developmentRegion = en;
			hasScannedForEncodings = 0;
			knownRegions = (
				en,
				Base,
			);
			mainGroup = 213EAC7F281327EE006113C7;
			productRefGroup = 213EAC89281327EE006113C7 /* Products */;
			projectDirPath = "";
			projectRoot = "";
			targets = (
				213EAC87281327EE006113C7 /* SwiftUIContextMenu */,
				213EAC97281327EF006113C7 /* SwiftUIContextMenuTests */,
				213EACA1281327EF006113C7 /* SwiftUIContextMenuUITests */,
			);
		};
/* End PBXProject section */

/* Begin PBXResourcesBuildPhase section */
		213EAC86281327EE006113C7 /* Resources */ = {
			isa = PBXResourcesBuildPhase;
			buildActionMask = 2147483647;
			files = (
				213EAC93281327EF006113C7 /* Preview Assets.xcassets in Resources */,
				213EAC90281327EF006113C7 /* Assets.xcassets in Resources */,
			);
			runOnlyForDeploymentPostprocessing = 0;
		};
		213EAC96281327EF006113C7 /* Resources */ = {
			isa = PBXResourcesBuildPhase;
			buildActionMask = 2147483647;
			files = (
			);
			runOnlyForDeploymentPostprocessing = 0;
		};
		213EACA0281327EF006113C7 /* Resources */ = {
			isa = PBXResourcesBuildPhase;
			buildActionMask = 2147483647;
			files = (
			);
			runOnlyForDeploymentPostprocessing = 0;
		};
/* End PBXResourcesBuildPhase section */

/* Begin PBXSourcesBuildPhase section */
		213EAC84281327EE006113C7 /* Sources */ = {
			isa = PBXSourcesBuildPhase;
			buildActionMask = 2147483647;
			files = (
				213EAC8E281327EE006113C7 /* ContentView.swift in Sources */,
				213EAC8C281327EE006113C7 /* SwiftUIContextMenuApp.swift in Sources */,
			);
			runOnlyForDeploymentPostprocessing = 0;
		};
		213EAC94281327EF006113C7 /* Sources */ = {
			isa = PBXSourcesBuildPhase;
			buildActionMask = 2147483647;
			files = (
				213EAC9D281327EF006113C7 /* SwiftUIContextMenuTests.swift in Sources */,
			);
			runOnlyForDeploymentPostprocessing = 0;
		};
		213EAC9E281327EF006113C7 /* Sources */ = {
			isa = PBXSourcesBuildPhase;
			buildActionMask = 2147483647;
			files = (
				213EACA7281327EF006113C7 /* SwiftUIContextMenuUITests.swift in Sources */,
				213EACA9281327EF006113C7 /* SwiftUIContextMenuUITestsLaunchTests.swift in Sources */,
			);
			runOnlyForDeploymentPostprocessing = 0;
		};
/* End PBXSourcesBuildPhase section */

/* Begin PBXTargetDependency section */
		213EAC9A281327EF006113C7 /* PBXTargetDependency */ = {
			isa = PBXTargetDependency;
			target = 213EAC87281327EE006113C7 /* SwiftUIContextMenu */;
			targetProxy = 213EAC99281327EF006113C7 /* PBXContainerItemProxy */;
		};
		213EACA4281327EF006113C7 /* PBXTargetDependency */ = {
			isa = PBXTargetDependency;
			target = 213EAC87281327EE006113C7 /* SwiftUIContextMenu */;
			targetProxy = 213EACA3281327EF006113C7 /* PBXContainerItemProxy */;
		};
/* End PBXTargetDependency section */

/* Begin XCBuildConfiguration section */
		213EACAA281327EF006113C7 /* Debug */ = {
			isa = XCBuildConfiguration;
			buildSettings = {
				ALWAYS_SEARCH_USER_PATHS = NO;
				CLANG_ANALYZER_NONNULL = YES;
				CLANG_ANALYZER_NUMBER_OBJECT_CONVERSION = YES_AGGRESSIVE;
				CLANG_CXX_LANGUAGE_STANDARD = "gnu++17";
				CLANG_ENABLE_MODULES = YES;
				CLANG_ENABLE_OBJC_ARC = YES;
				CLANG_ENABLE_OBJC_WEAK = YES;
				CLANG_WARN_BLOCK_CAPTURE_AUTORELEASING = YES;
				CLANG_WARN_BOOL_CONVERSION = YES;
				CLANG_WARN_COMMA = YES;
				CLANG_WARN_CONSTANT_CONVERSION = YES;
				CLANG_WARN_DEPRECATED_OBJC_IMPLEMENTATIONS = YES;
				CLANG_WARN_DIRECT_OBJC_ISA_USAGE = YES_ERROR;
				CLANG_WARN_DOCUMENTATION_COMMENTS = YES;
				CLANG_WARN_EMPTY_BODY = YES;
				CLANG_WARN_ENUM_CONVERSION = YES;
				CLANG_WARN_INFINITE_RECURSION = YES;
				CLANG_WARN_INT_CONVERSION = YES;
				CLANG_WARN_NON_LITERAL_NULL_CONVERSION = YES;
				CLANG_WARN_OBJC_IMPLICIT_RETAIN_SELF = YES;
				CLANG_WARN_OBJC_LITERAL_CONVERSION = YES;
				CLANG_WARN_OBJC_ROOT_CLASS = YES_ERROR;
				CLANG_WARN_QUOTED_INCLUDE_IN_FRAMEWORK_HEADER = YES;
				CLANG_WARN_RANGE_LOOP_ANALYSIS = YES;
				CLANG_WARN_STRICT_PROTOTYPES = YES;
				CLANG_WARN_SUSPICIOUS_MOVE = YES;
				CLANG_WARN_UNGUARDED_AVAILABILITY = YES_AGGRESSIVE;
				CLANG_WARN_UNREACHABLE_CODE = YES;
				CLANG_WARN__DUPLICATE_METHOD_MATCH = YES;
				COPY_PHASE_STRIP = NO;
				DEBUG_INFORMATION_FORMAT = dwarf;
				ENABLE_STRICT_OBJC_MSGSEND = YES;
				ENABLE_TESTABILITY = YES;
				GCC_C_LANGUAGE_STANDARD = gnu11;
				GCC_DYNAMIC_NO_PIC = NO;
				GCC_NO_COMMON_BLOCKS = YES;
				GCC_OPTIMIZATION_LEVEL = 0;
				GCC_PREPROCESSOR_DEFINITIONS = (
					"DEBUG=1",
					"$(inherited)",
				);
				GCC_WARN_64_TO_32_BIT_CONVERSION = YES;
				GCC_WARN_ABOUT_RETURN_TYPE = YES_ERROR;
				GCC_WARN_UNDECLARED_SELECTOR = YES;
				GCC_WARN_UNINITIALIZED_AUTOS = YES_AGGRESSIVE;
				GCC_WARN_UNUSED_FUNCTION = YES;
				GCC_WARN_UNUSED_VARIABLE = YES;
				IPHONEOS_DEPLOYMENT_TARGET = 15.4;
				MTL_ENABLE_DEBUG_INFO = INCLUDE_SOURCE;
				MTL_FAST_MATH = YES;
				ONLY_ACTIVE_ARCH = YES;
				SDKROOT = iphoneos;
				SWIFT_ACTIVE_COMPILATION_CONDITIONS = DEBUG;
				SWIFT_OPTIMIZATION_LEVEL = "-Onone";
			};
			name = Debug;
		};
		213EACAB281327EF006113C7 /* Release */ = {
			isa = XCBuildConfiguration;
			buildSettings = {
				ALWAYS_SEARCH_USER_PATHS = NO;
				CLANG_ANALYZER_NONNULL = YES;
				CLANG_ANALYZER_NUMBER_OBJECT_CONVERSION = YES_AGGRESSIVE;
				CLANG_CXX_LANGUAGE_STANDARD = "gnu++17";
				CLANG_ENABLE_MODULES = YES;
				CLANG_ENABLE_OBJC_ARC = YES;
				CLANG_ENABLE_OBJC_WEAK = YES;
				CLANG_WARN_BLOCK_CAPTURE_AUTORELEASING = YES;
				CLANG_WARN_BOOL_CONVERSION = YES;
				CLANG_WARN_COMMA = YES;
				CLANG_WARN_CONSTANT_CONVERSION = YES;
				CLANG_WARN_DEPRECATED_OBJC_IMPLEMENTATIONS = YES;
				CLANG_WARN_DIRECT_OBJC_ISA_USAGE = YES_ERROR;
				CLANG_WARN_DOCUMENTATION_COMMENTS = YES;
				CLANG_WARN_EMPTY_BODY = YES;
				CLANG_WARN_ENUM_CONVERSION = YES;
				CLANG_WARN_INFINITE_RECURSION = YES;
				CLANG_WARN_INT_CONVERSION = YES;
				CLANG_WARN_NON_LITERAL_NULL_CONVERSION = YES;
				CLANG_WARN_OBJC_IMPLICIT_RETAIN_SELF = YES;
				CLANG_WARN_OBJC_LITERAL_CONVERSION = YES;
				CLANG_WARN_OBJC_ROOT_CLASS = YES_ERROR;
				CLANG_WARN_QUOTED_INCLUDE_IN_FRAMEWORK_HEADER = YES;
				CLANG_WARN_RANGE_LOOP_ANALYSIS = YES;
				CLANG_WARN_STRICT_PROTOTYPES = YES;
				CLANG_WARN_SUSPICIOUS_MOVE = YES;
				CLANG_WARN_UNGUARDED_AVAILABILITY = YES_AGGRESSIVE;
				CLANG_WARN_UNREACHABLE_CODE = YES;
				CLANG_WARN__DUPLICATE_METHOD_MATCH = YES;
				COPY_PHASE_STRIP = NO;
				DEBUG_INFORMATION_FORMAT = "dwarf-with-dsym";
				ENABLE_NS_ASSERTIONS = NO;
				ENABLE_STRICT_OBJC_MSGSEND = YES;
				GCC_C_LANGUAGE_STANDARD = gnu11;
				GCC_NO_COMMON_BLOCKS = YES;
				GCC_WARN_64_TO_32_BIT_CONVERSION = YES;
				GCC_WARN_ABOUT_RETURN_TYPE = YES_ERROR;
				GCC_WARN_UNDECLARED_SELECTOR = YES;
				GCC_WARN_UNINITIALIZED_AUTOS = YES_AGGRESSIVE;
				GCC_WARN_UNUSED_FUNCTION = YES;
				GCC_WARN_UNUSED_VARIABLE = YES;
				IPHONEOS_DEPLOYMENT_TARGET = 15.4;
				MTL_ENABLE_DEBUG_INFO = NO;
				MTL_FAST_MATH = YES;
				SDKROOT = iphoneos;
				SWIFT_COMPILATION_MODE = wholemodule;
				SWIFT_OPTIMIZATION_LEVEL = "-O";
				VALIDATE_PRODUCT = YES;
			};
			name = Release;
		};
		213EACAD281327EF006113C7 /* Debug */ = {
			isa = XCBuildConfiguration;
			buildSettings = {
				ASSETCATALOG_COMPILER_APPICON_NAME = AppIcon;
				ASSETCATALOG_COMPILER_GLOBAL_ACCENT_COLOR_NAME = AccentColor;
				CODE_SIGN_STYLE = Automatic;
				CURRENT_PROJECT_VERSION = 1;
				DEVELOPMENT_ASSET_PATHS = "\"SwiftUIContextMenu/Preview Content\"";
				DEVELOPMENT_TEAM = 937653S469;
				ENABLE_PREVIEWS = YES;
				GENERATE_INFOPLIST_FILE = YES;
				INFOPLIST_KEY_UIApplicationSceneManifest_Generation = YES;
				INFOPLIST_KEY_UIApplicationSupportsIndirectInputEvents = YES;
				INFOPLIST_KEY_UILaunchScreen_Generation = YES;
				INFOPLIST_KEY_UISupportedInterfaceOrientations_iPad = "UIInterfaceOrientationPortrait UIInterfaceOrientationPortraitUpsideDown UIInterfaceOrientationLandscapeLeft UIInterfaceOrientationLandscapeRight";
				INFOPLIST_KEY_UISupportedInterfaceOrientations_iPhone = "UIInterfaceOrientationPortrait UIInterfaceOrientationLandscapeLeft UIInterfaceOrientationLandscapeRight";
				LD_RUNPATH_SEARCH_PATHS = (
					"$(inherited)",
					"@executable_path/Frameworks",
				);
				MARKETING_VERSION = 1.0;
				PRODUCT_BUNDLE_IDENTIFIER = com.ricardocsilva.SwiftUIContextMenu;
				PRODUCT_NAME = "$(TARGET_NAME)";
				SWIFT_EMIT_LOC_STRINGS = YES;
				SWIFT_VERSION = 5.0;
				TARGETED_DEVICE_FAMILY = "1,2";
			};
			name = Debug;
		};
		213EACAE281327EF006113C7 /* Release */ = {
			isa = XCBuildConfiguration;
			buildSettings = {
				ASSETCATALOG_COMPILER_APPICON_NAME = AppIcon;
				ASSETCATALOG_COMPILER_GLOBAL_ACCENT_COLOR_NAME = AccentColor;
				CODE_SIGN_STYLE = Automatic;
				CURRENT_PROJECT_VERSION = 1;
				DEVELOPMENT_ASSET_PATHS = "\"SwiftUIContextMenu/Preview Content\"";
				DEVELOPMENT_TEAM = 937653S469;
				ENABLE_PREVIEWS = YES;
				GENERATE_INFOPLIST_FILE = YES;
				INFOPLIST_KEY_UIApplicationSceneManifest_Generation = YES;
				INFOPLIST_KEY_UIApplicationSupportsIndirectInputEvents = YES;
				INFOPLIST_KEY_UILaunchScreen_Generation = YES;
				INFOPLIST_KEY_UISupportedInterfaceOrientations_iPad = "UIInterfaceOrientationPortrait UIInterfaceOrientationPortraitUpsideDown UIInterfaceOrientationLandscapeLeft UIInterfaceOrientationLandscapeRight";
				INFOPLIST_KEY_UISupportedInterfaceOrientations_iPhone = "UIInterfaceOrientationPortrait UIInterfaceOrientationLandscapeLeft UIInterfaceOrientationLandscapeRight";
				LD_RUNPATH_SEARCH_PATHS = (
					"$(inherited)",
					"@executable_path/Frameworks",
				);
				MARKETING_VERSION = 1.0;
				PRODUCT_BUNDLE_IDENTIFIER = com.ricardocsilva.SwiftUIContextMenu;
				PRODUCT_NAME = "$(TARGET_NAME)";
				SWIFT_EMIT_LOC_STRINGS = YES;
				SWIFT_VERSION = 5.0;
				TARGETED_DEVICE_FAMILY = "1,2";
			};
			name = Release;
		};
		213EACB0281327EF006113C7 /* Debug */ = {
			isa = XCBuildConfiguration;
			buildSettings = {
				ALWAYS_EMBED_SWIFT_STANDARD_LIBRARIES = YES;
				BUNDLE_LOADER = "$(TEST_HOST)";
				CODE_SIGN_STYLE = Automatic;
				CURRENT_PROJECT_VERSION = 1;
				DEVELOPMENT_TEAM = 937653S469;
				GENERATE_INFOPLIST_FILE = YES;
				IPHONEOS_DEPLOYMENT_TARGET = 15.4;
				MARKETING_VERSION = 1.0;
				PRODUCT_BUNDLE_IDENTIFIER = com.ricardocsilva.SwiftUIContextMenuTests;
				PRODUCT_NAME = "$(TARGET_NAME)";
				SWIFT_EMIT_LOC_STRINGS = NO;
				SWIFT_VERSION = 5.0;
				TARGETED_DEVICE_FAMILY = "1,2";
				TEST_HOST = "$(BUILT_PRODUCTS_DIR)/SwiftUIContextMenu.app/SwiftUIContextMenu";
			};
			name = Debug;
		};
		213EACB1281327EF006113C7 /* Release */ = {
			isa = XCBuildConfiguration;
			buildSettings = {
				ALWAYS_EMBED_SWIFT_STANDARD_LIBRARIES = YES;
				BUNDLE_LOADER = "$(TEST_HOST)";
				CODE_SIGN_STYLE = Automatic;
				CURRENT_PROJECT_VERSION = 1;
				DEVELOPMENT_TEAM = 937653S469;
				GENERATE_INFOPLIST_FILE = YES;
				IPHONEOS_DEPLOYMENT_TARGET = 15.4;
				MARKETING_VERSION = 1.0;
				PRODUCT_BUNDLE_IDENTIFIER = com.ricardocsilva.SwiftUIContextMenuTests;
				PRODUCT_NAME = "$(TARGET_NAME)";
				SWIFT_EMIT_LOC_STRINGS = NO;
				SWIFT_VERSION = 5.0;
				TARGETED_DEVICE_FAMILY = "1,2";
				TEST_HOST = "$(BUILT_PRODUCTS_DIR)/SwiftUIContextMenu.app/SwiftUIContextMenu";
			};
			name = Release;
		};
		213EACB3281327EF006113C7 /* Debug */ = {
			isa = XCBuildConfiguration;
			buildSettings = {
				ALWAYS_EMBED_SWIFT_STANDARD_LIBRARIES = YES;
				CODE_SIGN_STYLE = Automatic;
				CURRENT_PROJECT_VERSION = 1;
				DEVELOPMENT_TEAM = 937653S469;
				GENERATE_INFOPLIST_FILE = YES;
				MARKETING_VERSION = 1.0;
				PRODUCT_BUNDLE_IDENTIFIER = com.ricardocsilva.SwiftUIContextMenuUITests;
				PRODUCT_NAME = "$(TARGET_NAME)";
				SWIFT_EMIT_LOC_STRINGS = NO;
				SWIFT_VERSION = 5.0;
				TARGETED_DEVICE_FAMILY = "1,2";
				TEST_TARGET_NAME = SwiftUIContextMenu;
			};
			name = Debug;
		};
		213EACB4281327EF006113C7 /* Release */ = {
			isa = XCBuildConfiguration;
			buildSettings = {
				ALWAYS_EMBED_SWIFT_STANDARD_LIBRARIES = YES;
				CODE_SIGN_STYLE = Automatic;
				CURRENT_PROJECT_VERSION = 1;
				DEVELOPMENT_TEAM = 937653S469;
				GENERATE_INFOPLIST_FILE = YES;
				MARKETING_VERSION = 1.0;
				PRODUCT_BUNDLE_IDENTIFIER = com.ricardocsilva.SwiftUIContextMenuUITests;
				PRODUCT_NAME = "$(TARGET_NAME)";
				SWIFT_EMIT_LOC_STRINGS = NO;
				SWIFT_VERSION = 5.0;
				TARGETED_DEVICE_FAMILY = "1,2";
				TEST_TARGET_NAME = SwiftUIContextMenu;
			};
			name = Release;
		};
/* End XCBuildConfiguration section */

/* Begin XCConfigurationList section */
		213EAC83281327EE006113C7 /* Build configuration list for PBXProject "SwiftUIContextMenu" */ = {
			isa = XCConfigurationList;
			buildConfigurations = (
				213EACAA281327EF006113C7 /* Debug */,
				213EACAB281327EF006113C7 /* Release */,
			);
			defaultConfigurationIsVisible = 0;
			defaultConfigurationName = Release;
		};
		213EACAC281327EF006113C7 /* Build configuration list for PBXNativeTarget "SwiftUIContextMenu" */ = {
			isa = XCConfigurationList;
			buildConfigurations = (
				213EACAD281327EF006113C7 /* Debug */,
				213EACAE281327EF006113C7 /* Release */,
			);
			defaultConfigurationIsVisible = 0;
			defaultConfigurationName = Release;
		};
		213EACAF281327EF006113C7 /* Build configuration list for PBXNativeTarget "SwiftUIContextMenuTests" */ = {
			isa = XCConfigurationList;
			buildConfigurations = (
				213EACB0281327EF006113C7 /* Debug */,
				213EACB1281327EF006113C7 /* Release */,
			);
			defaultConfigurationIsVisible = 0;
			defaultConfigurationName = Release;
		};
		213EACB2281327EF006113C7 /* Build configuration list for PBXNativeTarget "SwiftUIContextMenuUITests" */ = {
			isa = XCConfigurationList;
			buildConfigurations = (
				213EACB3281327EF006113C7 /* Debug */,
				213EACB4281327EF006113C7 /* Release */,
			);
			defaultConfigurationIsVisible = 0;
			defaultConfigurationName = Release;
		};
/* End XCConfigurationList section */
	};
	rootObject = 213EAC80281327EE006113C7 /* Project object */;
}
